
Microsoft Visual Studio Solution File, Format Version 12.00
# Visual Studio Version 17
VisualStudioVersion = 17.2.32630.192
MinimumVisualStudioVersion = 10.0.40219.1
Project("{FAE04EC0-301F-11D3-BF4B-00C04F79EFBC}") = "PrismDEMO", "PrismDEMO.csproj", "{0D8C3A53-7461-4E02-A2AC-87C0DDF62F41}"
EndProject
Project("{FAE04EC0-301F-11D3-BF4B-00C04F79EFBC}") = "ModuleA", "..\ModuleA\ModuleA.csproj", "{729D25DE-E5C6-4F7F-B897-4760CCA7EFD4}"
EndProject
Global
	GlobalSection(SolutionConfigurationPlatforms) = preSolution
		Debug|Any CPU = Debug|Any CPU
		Release|Any CPU = Release|Any CPU
	EndGlobalSection
	GlobalSection(ProjectConfigurationPlatforms) = postSolution
		{0D8C3A53-7461-4E02-A2AC-87C0DDF62F41}.Debug|Any CPU.ActiveCfg = Debug|Any CPU
		{0D8C3A53-7461-4E02-A2AC-87C0DDF62F41}.Debug|Any CPU.Build.0 = Debug|Any CPU
		{0D8C3A53-7461-4E02-A2AC-87C0DDF62F41}.Release|Any CPU.ActiveCfg = Release|Any CPU
		{0D8C3A53-7461-4E02-A2AC-87C0DDF62F41}.Release|Any CPU.Build.0 = Release|Any CPU
		{729D25DE-E5C6-4F7F-B897-4760CCA7EFD4}.Debug|Any CPU.ActiveCfg = Debug|Any CPU
		{729D25DE-E5C6-4F7F-B897-4760CCA7EFD4}.Debug|Any CPU.Build.0 = Debug|Any CPU
		{729D25DE-E5C6-4F7F-B897-4760CCA7EFD4}.Release|Any CPU.ActiveCfg = Release|Any CPU
		{729D25DE-E5C6-4F7F-B897-4760CCA7EFD4}.Release|Any CPU.Build.0 = Release|Any CPU
	EndGlobalSection
	GlobalSection(SolutionProperties) = preSolution
		HideSolutionNode = FALSE
	EndGlobalSection
	GlobalSection(ExtensibilityGlobals) = postSolution
		SolutionGuid = {AD5A694B-4EDE-4EDD-BEA1-DB1075CEAC03}
	EndGlobalSection
EndGlobal
